
Microsoft Visual Studio Solution File, Format Version 12.00
# Visual Studio Version 16
VisualStudioVersion = 16.0.29306.81
MinimumVisualStudioVersion = 10.0.40219.1
Project("{FAE04EC0-301F-11D3-BF4B-00C04F79EFBC}") = "Lab2_OOTPiSP_ShapesCreator", "Lab1_OOTPiSP_Shapes\Lab2_OOTPiSP_ShapesCreator.csproj", "{43B26684-3D43-4550-98FD-843C42BA205C}"
EndProject
Global
	GlobalSection(SolutionConfigurationPlatforms) = preSolution
		Debug|Any CPU = Debug|Any CPU
		Release|Any CPU = Release|Any CPU
	EndGlobalSection
	GlobalSection(ProjectConfigurationPlatforms) = postSolution
		{43B26684-3D43-4550-98FD-843C42BA205C}.Debug|Any CPU.ActiveCfg = Debug|Any CPU
		{43B26684-3D43-4550-98FD-843C42BA205C}.Debug|Any CPU.Build.0 = Debug|Any CPU
		{43B26684-3D43-4550-98FD-843C42BA205C}.Release|Any CPU.ActiveCfg = Release|Any CPU
		{43B26684-3D43-4550-98FD-843C42BA205C}.Release|Any CPU.Build.0 = Release|Any CPU
	EndGlobalSection
	GlobalSection(SolutionProperties) = preSolution
		HideSolutionNode = FALSE
	EndGlobalSection
	GlobalSection(ExtensibilityGlobals) = postSolution
		SolutionGuid = {08F40852-BF5B-4BA7-AD69-717FE538ADEC}
	EndGlobalSection
EndGlobal
