
Microsoft Visual Studio Solution File, Format Version 12.00
# Visual Studio 15
VisualStudioVersion = 15.0.28307.960
MinimumVisualStudioVersion = 10.0.40219.1
Project("{FAE04EC0-301F-11D3-BF4B-00C04F79EFBC}") = "archivationClass", "archivationClass\archivationClass.csproj", "{73E57AE3-9FAB-47EE-AD27-43E408AA9DB2}"
EndProject
Global
	GlobalSection(SolutionConfigurationPlatforms) = preSolution
		Debug|Any CPU = Debug|Any CPU
		Release|Any CPU = Release|Any CPU
	EndGlobalSection
	GlobalSection(ProjectConfigurationPlatforms) = postSolution
		{73E57AE3-9FAB-47EE-AD27-43E408AA9DB2}.Debug|Any CPU.ActiveCfg = Debug|Any CPU
		{73E57AE3-9FAB-47EE-AD27-43E408AA9DB2}.Debug|Any CPU.Build.0 = Debug|Any CPU
		{73E57AE3-9FAB-47EE-AD27-43E408AA9DB2}.Release|Any CPU.ActiveCfg = Release|Any CPU
		{73E57AE3-9FAB-47EE-AD27-43E408AA9DB2}.Release|Any CPU.Build.0 = Release|Any CPU
	EndGlobalSection
	GlobalSection(SolutionProperties) = preSolution
		HideSolutionNode = FALSE
	EndGlobalSection
	GlobalSection(ExtensibilityGlobals) = postSolution
		SolutionGuid = {17F71E47-6FA5-4C8F-AD12-1CFEB627A4F1}
	EndGlobalSection
EndGlobal
